// !$*UTF8*$!
{
	archiveVersion = 1;
	classes = {
	};
	objectVersion = 77;
	objects = {

/* Begin PBXBuildFile section */
		3DFA27652D70CDFD0043F880 /* AppDelegate.swift in Sources */ = {isa = PBXBuildFile; fileRef = 3DFA27552D70CDFD0043F880 /* AppDelegate.swift */; };
		3DFA27662D70CDFD0043F880 /* FavoritesVC.swift in Sources */ = {isa = PBXBuildFile; fileRef = 3DFA27572D70CDFD0043F880 /* FavoritesVC.swift */; };
		3DFA27672D70CDFD0043F880 /* FollowerListVC.swift in Sources */ = {isa = PBXBuildFile; fileRef = 3DFA27582D70CDFD0043F880 /* FollowerListVC.swift */; };
		3DFA27682D70CDFD0043F880 /* GFAlertVC.swift in Sources */ = {isa = PBXBuildFile; fileRef = 3DFA27592D70CDFD0043F880 /* GFAlertVC.swift */; };
		3DFA27692D70CDFD0043F880 /* GFBodyLabel.swift in Sources */ = {isa = PBXBuildFile; fileRef = 3DFA275A2D70CDFD0043F880 /* GFBodyLabel.swift */; };
		3DFA276A2D70CDFD0043F880 /* GFButton.swift in Sources */ = {isa = PBXBuildFile; fileRef = 3DFA275B2D70CDFD0043F880 /* GFButton.swift */; };
		3DFA276B2D70CDFD0043F880 /* GFTextField.swift in Sources */ = {isa = PBXBuildFile; fileRef = 3DFA275C2D70CDFD0043F880 /* GFTextField.swift */; };
		3DFA276C2D70CDFD0043F880 /* GFTitleLabel.swift in Sources */ = {isa = PBXBuildFile; fileRef = 3DFA275D2D70CDFD0043F880 /* GFTitleLabel.swift */; };
		3DFA276D2D70CDFD0043F880 /* SceneDelegate.swift in Sources */ = {isa = PBXBuildFile; fileRef = 3DFA27612D70CDFD0043F880 /* SceneDelegate.swift */; };
		3DFA276E2D70CDFD0043F880 /* SearchVC.swift in Sources */ = {isa = PBXBuildFile; fileRef = 3DFA27622D70CDFD0043F880 /* SearchVC.swift */; };
		3DFA276F2D70CDFD0043F880 /* UIViewController+Ext.swift in Sources */ = {isa = PBXBuildFile; fileRef = 3DFA27632D70CDFD0043F880 /* UIViewController+Ext.swift */; };
		3DFA27702D70CDFD0043F880 /* Assets.xcassets in Resources */ = {isa = PBXBuildFile; fileRef = 3DFA27562D70CDFD0043F880 /* Assets.xcassets */; };
		3DFA27722D70CDFD0043F880 /* LaunchScreen.storyboard in Resources */ = {isa = PBXBuildFile; fileRef = 3DFA27602D70CDFD0043F880 /* LaunchScreen.storyboard */; };
		3DFA277D2D7142250043F880 /* Follower.swift in Sources */ = {isa = PBXBuildFile; fileRef = 3DFA277C2D7142250043F880 /* Follower.swift */; };
		3DFA277F2D7142360043F880 /* User.swift in Sources */ = {isa = PBXBuildFile; fileRef = 3DFA277E2D7142360043F880 /* User.swift */; };
		3DFA27842D725BAF0043F880 /* NetworkManager.swift in Sources */ = {isa = PBXBuildFile; fileRef = 3DFA27832D725BAF0043F880 /* NetworkManager.swift */; };
		3DFA278B2D7274C80043F880 /* ErrorMessage.swift in Sources */ = {isa = PBXBuildFile; fileRef = 3DFA278A2D7274C80043F880 /* ErrorMessage.swift */; };
/* End PBXBuildFile section */

/* Begin PBXFileReference section */
		3DE03E022D6E60D100239C08 /* GHFollowers.app */ = {isa = PBXFileReference; explicitFileType = wrapper.application; includeInIndex = 0; path = GHFollowers.app; sourceTree = BUILT_PRODUCTS_DIR; };
		3DFA27552D70CDFD0043F880 /* AppDelegate.swift */ = {isa = PBXFileReference; lastKnownFileType = sourcecode.swift; path = AppDelegate.swift; sourceTree = "<group>"; };
		3DFA27562D70CDFD0043F880 /* Assets.xcassets */ = {isa = PBXFileReference; lastKnownFileType = folder.assetcatalog; path = Assets.xcassets; sourceTree = "<group>"; };
		3DFA27572D70CDFD0043F880 /* FavoritesVC.swift */ = {isa = PBXFileReference; lastKnownFileType = sourcecode.swift; path = FavoritesVC.swift; sourceTree = "<group>"; };
		3DFA27582D70CDFD0043F880 /* FollowerListVC.swift */ = {isa = PBXFileReference; lastKnownFileType = sourcecode.swift; path = FollowerListVC.swift; sourceTree = "<group>"; };
		3DFA27592D70CDFD0043F880 /* GFAlertVC.swift */ = {isa = PBXFileReference; lastKnownFileType = sourcecode.swift; path = GFAlertVC.swift; sourceTree = "<group>"; };
		3DFA275A2D70CDFD0043F880 /* GFBodyLabel.swift */ = {isa = PBXFileReference; lastKnownFileType = sourcecode.swift; path = GFBodyLabel.swift; sourceTree = "<group>"; };
		3DFA275B2D70CDFD0043F880 /* GFButton.swift */ = {isa = PBXFileReference; lastKnownFileType = sourcecode.swift; path = GFButton.swift; sourceTree = "<group>"; };
		3DFA275C2D70CDFD0043F880 /* GFTextField.swift */ = {isa = PBXFileReference; lastKnownFileType = sourcecode.swift; path = GFTextField.swift; sourceTree = "<group>"; };
		3DFA275D2D70CDFD0043F880 /* GFTitleLabel.swift */ = {isa = PBXFileReference; lastKnownFileType = sourcecode.swift; path = GFTitleLabel.swift; sourceTree = "<group>"; };
		3DFA275E2D70CDFD0043F880 /* Info.plist */ = {isa = PBXFileReference; lastKnownFileType = text.plist.xml; path = Info.plist; sourceTree = "<group>"; };
		3DFA275F2D70CDFD0043F880 /* Base */ = {isa = PBXFileReference; lastKnownFileType = file.storyboard; name = Base; path = Base.lproj/LaunchScreen.storyboard; sourceTree = "<group>"; };
		3DFA27612D70CDFD0043F880 /* SceneDelegate.swift */ = {isa = PBXFileReference; lastKnownFileType = sourcecode.swift; path = SceneDelegate.swift; sourceTree = "<group>"; };
		3DFA27622D70CDFD0043F880 /* SearchVC.swift */ = {isa = PBXFileReference; lastKnownFileType = sourcecode.swift; path = SearchVC.swift; sourceTree = "<group>"; };
		3DFA27632D70CDFD0043F880 /* UIViewController+Ext.swift */ = {isa = PBXFileReference; lastKnownFileType = sourcecode.swift; path = "UIViewController+Ext.swift"; sourceTree = "<group>"; };
		3DFA277C2D7142250043F880 /* Follower.swift */ = {isa = PBXFileReference; lastKnownFileType = sourcecode.swift; path = Follower.swift; sourceTree = "<group>"; };
		3DFA277E2D7142360043F880 /* User.swift */ = {isa = PBXFileReference; lastKnownFileType = sourcecode.swift; path = User.swift; sourceTree = "<group>"; };
		3DFA27832D725BAF0043F880 /* NetworkManager.swift */ = {isa = PBXFileReference; lastKnownFileType = sourcecode.swift; path = NetworkManager.swift; sourceTree = "<group>"; };
		3DFA278A2D7274C80043F880 /* ErrorMessage.swift */ = {isa = PBXFileReference; lastKnownFileType = sourcecode.swift; path = ErrorMessage.swift; sourceTree = "<group>"; };
/* End PBXFileReference section */

/* Begin PBXFrameworksBuildPhase section */
		3DE03DFF2D6E60D100239C08 /* Frameworks */ = {
			isa = PBXFrameworksBuildPhase;
			buildActionMask = 2147483647;
			files = (
			);
			runOnlyForDeploymentPostprocessing = 0;
		};
/* End PBXFrameworksBuildPhase section */

/* Begin PBXGroup section */
		3DE03DF92D6E60D100239C08 = {
			isa = PBXGroup;
			children = (
				3DFA27642D70CDFD0043F880 /* GHFollowers */,
				3DE03E032D6E60D100239C08 /* Products */,
			);
			sourceTree = "<group>";
		};
		3DE03E032D6E60D100239C08 /* Products */ = {
			isa = PBXGroup;
			children = (
				3DE03E022D6E60D100239C08 /* GHFollowers.app */,
			);
			name = Products;
			sourceTree = "<group>";
		};
		3DFA27642D70CDFD0043F880 /* GHFollowers */ = {
			isa = PBXGroup;
			children = (
				3DFA27732D70CE030043F880 /* Custom Views */,
				3DFA27772D70CE990043F880 /* Extensions */,
				3DFA27802D725B6F0043F880 /* Managers */,
				3DFA27792D7141FC0043F880 /* Models */,
				3DFA27752D70CE850043F880 /* Screens */,
				3DFA27762D70CE8C0043F880 /* Support */,
				3DFA27892D7274AD0043F880 /* Utilities */,
				3DFA275E2D70CDFD0043F880 /* Info.plist */,
			);
			path = GHFollowers;
			sourceTree = "<group>";
		};
		3DFA27732D70CE030043F880 /* Custom Views */ = {
			isa = PBXGroup;
			children = (
				3DFA27592D70CDFD0043F880 /* GFAlertVC.swift */,
				3DFA275A2D70CDFD0043F880 /* GFBodyLabel.swift */,
				3DFA275B2D70CDFD0043F880 /* GFButton.swift */,
				3DFA275C2D70CDFD0043F880 /* GFTextField.swift */,
				3DFA275D2D70CDFD0043F880 /* GFTitleLabel.swift */,
			);
			path = "Custom Views";
			sourceTree = "<group>";
		};
		3DFA27752D70CE850043F880 /* Screens */ = {
			isa = PBXGroup;
			children = (
				3DFA27572D70CDFD0043F880 /* FavoritesVC.swift */,
				3DFA27582D70CDFD0043F880 /* FollowerListVC.swift */,
				3DFA27622D70CDFD0043F880 /* SearchVC.swift */,
			);
			path = Screens;
			sourceTree = "<group>";
		};
		3DFA27762D70CE8C0043F880 /* Support */ = {
			isa = PBXGroup;
			children = (
				3DFA27552D70CDFD0043F880 /* AppDelegate.swift */,
				3DFA27562D70CDFD0043F880 /* Assets.xcassets */,
				3DFA27602D70CDFD0043F880 /* LaunchScreen.storyboard */,
				3DFA27612D70CDFD0043F880 /* SceneDelegate.swift */,
			);
			path = Support;
			sourceTree = "<group>";
		};
		3DFA27772D70CE990043F880 /* Extensions */ = {
			isa = PBXGroup;
			children = (
				3DFA27632D70CDFD0043F880 /* UIViewController+Ext.swift */,
			);
			path = Extensions;
			sourceTree = "<group>";
		};
		3DFA27792D7141FC0043F880 /* Models */ = {
			isa = PBXGroup;
			children = (
				3DFA277C2D7142250043F880 /* Follower.swift */,
				3DFA277E2D7142360043F880 /* User.swift */,
			);
			path = Models;
			sourceTree = "<group>";
		};
		3DFA27802D725B6F0043F880 /* Managers */ = {
			isa = PBXGroup;
			children = (
				3DFA27832D725BAF0043F880 /* NetworkManager.swift */,
			);
			path = Managers;
			sourceTree = "<group>";
		};
		3DFA27892D7274AD0043F880 /* Utilities */ = {
			isa = PBXGroup;
			children = (
				3DFA278A2D7274C80043F880 /* ErrorMessage.swift */,
			);
			path = Utilities;
			sourceTree = "<group>";
		};
/* End PBXGroup section */

/* Begin PBXNativeTarget section */
		3DE03E012D6E60D100239C08 /* GHFollowers */ = {
			isa = PBXNativeTarget;
			buildConfigurationList = 3DE03E152D6E60D300239C08 /* Build configuration list for PBXNativeTarget "GHFollowers" */;
			buildPhases = (
				3DE03DFE2D6E60D100239C08 /* Sources */,
				3DE03DFF2D6E60D100239C08 /* Frameworks */,
				3DE03E002D6E60D100239C08 /* Resources */,
			);
			buildRules = (
			);
			dependencies = (
			);
			name = GHFollowers;
			packageProductDependencies = (
			);
			productName = GHFollowers;
			productReference = 3DE03E022D6E60D100239C08 /* GHFollowers.app */;
			productType = "com.apple.product-type.application";
		};
/* End PBXNativeTarget section */

/* Begin PBXProject section */
		3DE03DFA2D6E60D100239C08 /* Project object */ = {
			isa = PBXProject;
			attributes = {
				BuildIndependentTargetsInParallel = 1;
				LastSwiftUpdateCheck = 1620;
				LastUpgradeCheck = 1620;
				TargetAttributes = {
					3DE03E012D6E60D100239C08 = {
						CreatedOnToolsVersion = 16.2;
					};
				};
			};
			buildConfigurationList = 3DE03DFD2D6E60D100239C08 /* Build configuration list for PBXProject "GHFollowers" */;
			developmentRegion = en;
			hasScannedForEncodings = 0;
			knownRegions = (
				en,
				Base,
			);
			mainGroup = 3DE03DF92D6E60D100239C08;
			minimizedProjectReferenceProxies = 1;
			preferredProjectObjectVersion = 77;
			productRefGroup = 3DE03E032D6E60D100239C08 /* Products */;
			projectDirPath = "";
			projectRoot = "";
			targets = (
				3DE03E012D6E60D100239C08 /* GHFollowers */,
			);
		};
/* End PBXProject section */

/* Begin PBXResourcesBuildPhase section */
		3DE03E002D6E60D100239C08 /* Resources */ = {
			isa = PBXResourcesBuildPhase;
			buildActionMask = 2147483647;
			files = (
				3DFA27702D70CDFD0043F880 /* Assets.xcassets in Resources */,
				3DFA27722D70CDFD0043F880 /* LaunchScreen.storyboard in Resources */,
			);
			runOnlyForDeploymentPostprocessing = 0;
		};
/* End PBXResourcesBuildPhase section */

/* Begin PBXSourcesBuildPhase section */
		3DE03DFE2D6E60D100239C08 /* Sources */ = {
			isa = PBXSourcesBuildPhase;
			buildActionMask = 2147483647;
			files = (
				3DFA277F2D7142360043F880 /* User.swift in Sources */,
				3DFA27652D70CDFD0043F880 /* AppDelegate.swift in Sources */,
				3DFA27662D70CDFD0043F880 /* FavoritesVC.swift in Sources */,
				3DFA27672D70CDFD0043F880 /* FollowerListVC.swift in Sources */,
				3DFA27682D70CDFD0043F880 /* GFAlertVC.swift in Sources */,
				3DFA27692D70CDFD0043F880 /* GFBodyLabel.swift in Sources */,
				3DFA276A2D70CDFD0043F880 /* GFButton.swift in Sources */,
				3DFA278B2D7274C80043F880 /* ErrorMessage.swift in Sources */,
				3DFA276B2D70CDFD0043F880 /* GFTextField.swift in Sources */,
				3DFA277D2D7142250043F880 /* Follower.swift in Sources */,
				3DFA276C2D70CDFD0043F880 /* GFTitleLabel.swift in Sources */,
				3DFA27842D725BAF0043F880 /* NetworkManager.swift in Sources */,
				3DFA276D2D70CDFD0043F880 /* SceneDelegate.swift in Sources */,
				3DFA276E2D70CDFD0043F880 /* SearchVC.swift in Sources */,
				3DFA276F2D70CDFD0043F880 /* UIViewController+Ext.swift in Sources */,
			);
			runOnlyForDeploymentPostprocessing = 0;
		};
/* End PBXSourcesBuildPhase section */

/* Begin PBXVariantGroup section */
		3DFA27602D70CDFD0043F880 /* LaunchScreen.storyboard */ = {
			isa = PBXVariantGroup;
			children = (
				3DFA275F2D70CDFD0043F880 /* Base */,
			);
			name = LaunchScreen.storyboard;
			sourceTree = "<group>";
		};
/* End PBXVariantGroup section */

/* Begin XCBuildConfiguration section */
		3DE03E162D6E60D300239C08 /* Debug */ = {
			isa = XCBuildConfiguration;
			buildSettings = {
				ASSETCATALOG_COMPILER_APPICON_NAME = AppIcon;
				ASSETCATALOG_COMPILER_GLOBAL_ACCENT_COLOR_NAME = AccentColor;
				CODE_SIGN_STYLE = Automatic;
				CURRENT_PROJECT_VERSION = 1;
				GENERATE_INFOPLIST_FILE = YES;
				INFOPLIST_FILE = GHFollowers/Info.plist;
				INFOPLIST_KEY_UIApplicationSupportsIndirectInputEvents = YES;
				INFOPLIST_KEY_UILaunchStoryboardName = LaunchScreen;
				INFOPLIST_KEY_UISupportedInterfaceOrientations = UIInterfaceOrientationPortrait;
				INFOPLIST_KEY_UISupportedInterfaceOrientations_iPad = "UIInterfaceOrientationLandscapeLeft UIInterfaceOrientationLandscapeRight UIInterfaceOrientationPortrait UIInterfaceOrientationPortraitUpsideDown";
				LD_RUNPATH_SEARCH_PATHS = (
					"$(inherited)",
					"@executable_path/Frameworks",
				);
				MARKETING_VERSION = 1.0;
				PRODUCT_BUNDLE_IDENTIFIER = com.example.GHFollowers;
				PRODUCT_NAME = "$(TARGET_NAME)";
				SUPPORTED_PLATFORMS = "iphoneos iphonesimulator";
				SUPPORTS_MACCATALYST = NO;
				SUPPORTS_MAC_DESIGNED_FOR_IPHONE_IPAD = NO;
				SUPPORTS_XR_DESIGNED_FOR_IPHONE_IPAD = NO;
				SWIFT_EMIT_LOC_STRINGS = YES;
				SWIFT_VERSION = 5.0;
				TARGETED_DEVICE_FAMILY = 1;
			};
			name = Debug;
		};
		3DE03E172D6E60D300239C08 /* Release */ = {
			isa = XCBuildConfiguration;
			buildSettings = {
				ASSETCATALOG_COMPILER_APPICON_NAME = AppIcon;
				ASSETCATALOG_COMPILER_GLOBAL_ACCENT_COLOR_NAME = AccentColor;
				CODE_SIGN_STYLE = Automatic;
				CURRENT_PROJECT_VERSION = 1;
				GENERATE_INFOPLIST_FILE = YES;
				INFOPLIST_FILE = GHFollowers/Info.plist;
				INFOPLIST_KEY_UIApplicationSupportsIndirectInputEvents = YES;
				INFOPLIST_KEY_UILaunchStoryboardName = LaunchScreen;
				INFOPLIST_KEY_UISupportedInterfaceOrientations = UIInterfaceOrientationPortrait;
				INFOPLIST_KEY_UISupportedInterfaceOrientations_iPad = "UIInterfaceOrientationLandscapeLeft UIInterfaceOrientationLandscapeRight UIInterfaceOrientationPortrait UIInterfaceOrientationPortraitUpsideDown";
				LD_RUNPATH_SEARCH_PATHS = (
					"$(inherited)",
					"@executable_path/Frameworks",
				);
				MARKETING_VERSION = 1.0;
				PRODUCT_BUNDLE_IDENTIFIER = com.example.GHFollowers;
				PRODUCT_NAME = "$(TARGET_NAME)";
				SUPPORTED_PLATFORMS = "iphoneos iphonesimulator";
				SUPPORTS_MACCATALYST = NO;
				SUPPORTS_MAC_DESIGNED_FOR_IPHONE_IPAD = NO;
				SUPPORTS_XR_DESIGNED_FOR_IPHONE_IPAD = NO;
				SWIFT_EMIT_LOC_STRINGS = YES;
				SWIFT_VERSION = 5.0;
				TARGETED_DEVICE_FAMILY = 1;
			};
			name = Release;
		};
		3DE03E182D6E60D300239C08 /* Debug */ = {
			isa = XCBuildConfiguration;
			buildSettings = {
				ALWAYS_SEARCH_USER_PATHS = NO;
				ASSETCATALOG_COMPILER_GENERATE_SWIFT_ASSET_SYMBOL_EXTENSIONS = YES;
				CLANG_ANALYZER_NONNULL = YES;
				CLANG_ANALYZER_NUMBER_OBJECT_CONVERSION = YES_AGGRESSIVE;
				CLANG_CXX_LANGUAGE_STANDARD = "gnu++20";
				CLANG_ENABLE_MODULES = YES;
				CLANG_ENABLE_OBJC_ARC = YES;
				CLANG_ENABLE_OBJC_WEAK = YES;
				CLANG_WARN_BLOCK_CAPTURE_AUTORELEASING = YES;
				CLANG_WARN_BOOL_CONVERSION = YES;
				CLANG_WARN_COMMA = YES;
				CLANG_WARN_CONSTANT_CONVERSION = YES;
				CLANG_WARN_DEPRECATED_OBJC_IMPLEMENTATIONS = YES;
				CLANG_WARN_DIRECT_OBJC_ISA_USAGE = YES_ERROR;
				CLANG_WARN_DOCUMENTATION_COMMENTS = YES;
				CLANG_WARN_EMPTY_BODY = YES;
				CLANG_WARN_ENUM_CONVERSION = YES;
				CLANG_WARN_INFINITE_RECURSION = YES;
				CLANG_WARN_INT_CONVERSION = YES;
				CLANG_WARN_NON_LITERAL_NULL_CONVERSION = YES;
				CLANG_WARN_OBJC_IMPLICIT_RETAIN_SELF = YES;
				CLANG_WARN_OBJC_LITERAL_CONVERSION = YES;
				CLANG_WARN_OBJC_ROOT_CLASS = YES_ERROR;
				CLANG_WARN_QUOTED_INCLUDE_IN_FRAMEWORK_HEADER = YES;
				CLANG_WARN_RANGE_LOOP_ANALYSIS = YES;
				CLANG_WARN_STRICT_PROTOTYPES = YES;
				CLANG_WARN_SUSPICIOUS_MOVE = YES;
				CLANG_WARN_UNGUARDED_AVAILABILITY = YES_AGGRESSIVE;
				CLANG_WARN_UNREACHABLE_CODE = YES;
				CLANG_WARN__DUPLICATE_METHOD_MATCH = YES;
				COPY_PHASE_STRIP = NO;
				DEBUG_INFORMATION_FORMAT = dwarf;
				ENABLE_STRICT_OBJC_MSGSEND = YES;
				ENABLE_TESTABILITY = YES;
				ENABLE_USER_SCRIPT_SANDBOXING = YES;
				GCC_C_LANGUAGE_STANDARD = gnu17;
				GCC_DYNAMIC_NO_PIC = NO;
				GCC_NO_COMMON_BLOCKS = YES;
				GCC_OPTIMIZATION_LEVEL = 0;
				GCC_PREPROCESSOR_DEFINITIONS = (
					"DEBUG=1",
					"$(inherited)",
				);
				GCC_WARN_64_TO_32_BIT_CONVERSION = YES;
				GCC_WARN_ABOUT_RETURN_TYPE = YES_ERROR;
				GCC_WARN_UNDECLARED_SELECTOR = YES;
				GCC_WARN_UNINITIALIZED_AUTOS = YES_AGGRESSIVE;
				GCC_WARN_UNUSED_FUNCTION = YES;
				GCC_WARN_UNUSED_VARIABLE = YES;
				IPHONEOS_DEPLOYMENT_TARGET = 18.2;
				LOCALIZATION_PREFERS_STRING_CATALOGS = YES;
				MTL_ENABLE_DEBUG_INFO = INCLUDE_SOURCE;
				MTL_FAST_MATH = YES;
				ONLY_ACTIVE_ARCH = YES;
				SDKROOT = iphoneos;
				SWIFT_ACTIVE_COMPILATION_CONDITIONS = "DEBUG $(inherited)";
				SWIFT_OPTIMIZATION_LEVEL = "-Onone";
			};
			name = Debug;
		};
		3DE03E192D6E60D300239C08 /* Release */ = {
			isa = XCBuildConfiguration;
			buildSettings = {
				ALWAYS_SEARCH_USER_PATHS = NO;
				ASSETCATALOG_COMPILER_GENERATE_SWIFT_ASSET_SYMBOL_EXTENSIONS = YES;
				CLANG_ANALYZER_NONNULL = YES;
				CLANG_ANALYZER_NUMBER_OBJECT_CONVERSION = YES_AGGRESSIVE;
				CLANG_CXX_LANGUAGE_STANDARD = "gnu++20";
				CLANG_ENABLE_MODULES = YES;
				CLANG_ENABLE_OBJC_ARC = YES;
				CLANG_ENABLE_OBJC_WEAK = YES;
				CLANG_WARN_BLOCK_CAPTURE_AUTORELEASING = YES;
				CLANG_WARN_BOOL_CONVERSION = YES;
				CLANG_WARN_COMMA = YES;
				CLANG_WARN_CONSTANT_CONVERSION = YES;
				CLANG_WARN_DEPRECATED_OBJC_IMPLEMENTATIONS = YES;
				CLANG_WARN_DIRECT_OBJC_ISA_USAGE = YES_ERROR;
				CLANG_WARN_DOCUMENTATION_COMMENTS = YES;
				CLANG_WARN_EMPTY_BODY = YES;
				CLANG_WARN_ENUM_CONVERSION = YES;
				CLANG_WARN_INFINITE_RECURSION = YES;
				CLANG_WARN_INT_CONVERSION = YES;
				CLANG_WARN_NON_LITERAL_NULL_CONVERSION = YES;
				CLANG_WARN_OBJC_IMPLICIT_RETAIN_SELF = YES;
				CLANG_WARN_OBJC_LITERAL_CONVERSION = YES;
				CLANG_WARN_OBJC_ROOT_CLASS = YES_ERROR;
				CLANG_WARN_QUOTED_INCLUDE_IN_FRAMEWORK_HEADER = YES;
				CLANG_WARN_RANGE_LOOP_ANALYSIS = YES;
				CLANG_WARN_STRICT_PROTOTYPES = YES;
				CLANG_WARN_SUSPICIOUS_MOVE = YES;
				CLANG_WARN_UNGUARDED_AVAILABILITY = YES_AGGRESSIVE;
				CLANG_WARN_UNREACHABLE_CODE = YES;
				CLANG_WARN__DUPLICATE_METHOD_MATCH = YES;
				COPY_PHASE_STRIP = NO;
				DEBUG_INFORMATION_FORMAT = "dwarf-with-dsym";
				ENABLE_NS_ASSERTIONS = NO;
				ENABLE_STRICT_OBJC_MSGSEND = YES;
				ENABLE_USER_SCRIPT_SANDBOXING = YES;
				GCC_C_LANGUAGE_STANDARD = gnu17;
				GCC_NO_COMMON_BLOCKS = YES;
				GCC_WARN_64_TO_32_BIT_CONVERSION = YES;
				GCC_WARN_ABOUT_RETURN_TYPE = YES_ERROR;
				GCC_WARN_UNDECLARED_SELECTOR = YES;
				GCC_WARN_UNINITIALIZED_AUTOS = YES_AGGRESSIVE;
				GCC_WARN_UNUSED_FUNCTION = YES;
				GCC_WARN_UNUSED_VARIABLE = YES;
				IPHONEOS_DEPLOYMENT_TARGET = 18.2;
				LOCALIZATION_PREFERS_STRING_CATALOGS = YES;
				MTL_ENABLE_DEBUG_INFO = NO;
				MTL_FAST_MATH = YES;
				SDKROOT = iphoneos;
				SWIFT_COMPILATION_MODE = wholemodule;
				VALIDATE_PRODUCT = YES;
			};
			name = Release;
		};
/* End XCBuildConfiguration section */

/* Begin XCConfigurationList section */
		3DE03DFD2D6E60D100239C08 /* Build configuration list for PBXProject "GHFollowers" */ = {
			isa = XCConfigurationList;
			buildConfigurations = (
				3DE03E182D6E60D300239C08 /* Debug */,
				3DE03E192D6E60D300239C08 /* Release */,
			);
			defaultConfigurationIsVisible = 0;
			defaultConfigurationName = Release;
		};
		3DE03E152D6E60D300239C08 /* Build configuration list for PBXNativeTarget "GHFollowers" */ = {
			isa = XCConfigurationList;
			buildConfigurations = (
				3DE03E162D6E60D300239C08 /* Debug */,
				3DE03E172D6E60D300239C08 /* Release */,
			);
			defaultConfigurationIsVisible = 0;
			defaultConfigurationName = Release;
		};
/* End XCConfigurationList section */
	};
	rootObject = 3DE03DFA2D6E60D100239C08 /* Project object */;
}
